github.com/coreos/go-systemd/v22 v22.5.0/go.mod h1:Y58oyj3AT4RCenI/lSvhwexgC+NSVTIJ3seZv2GcEnc=
github.com/go-chi/chi/v5 v5.2.3 h1:WQIt9uxdsAbgIYgid+BpYc+liqQZGMHRaUwp0JUcvdE=
github.com/go-chi/chi/v5 v5.2.3/go.mod h1:L2yAIGWB3H+phAw1NxKwWM+7eUH/lU8pOMm5hHcoops=
github.com/go-chi/cors v1.2.2 h1:Jmey33TE+b+rB7fT8MUy1u0I4L+NARQlK6LhzKPSyQE=
github.com/go-chi/cors v1.2.2/go.mod h1:sSbTewc+6wYHBBCW7ytsFSn836hqM7JxpglAy2Vzc58=
github.com/godbus/dbus/v5 v5.0.4/go.mod h1:xhWf0FNVPg57R7Z0UbKHbJfkEywrmjJnf7w5xrFpKfA=
github.com/joho/godotenv v1.5.1 h1:7eLL/+HRGLY0ldzfGMeQkb7vMd0as4CfYvUVzLqw0N0=
github.com/joho/godotenv v1.5.1/go.mod h1:f4LDr5Voq0i2e/R5DDNOoa2zzDfwtkZa6DnEwAbqwq4=
github.com/mattn/go-colorable v0.1.13/go.mod h1:7S9/ev0klgBDR4GtXTXX8a3vIGJpMovkB8vQcUbaXHg=
github.com/mattn/go-colorable v0.1.14 h1:9A9LHSqF/7dyVVX6g0U9cwm9pG3kP9gSzcuIPHPsaIE=
github.com/mattn/go-colorable v0.1.14/go.mod h1:6LmQG8QLFO4G5z1gPvYEzlUgJ2wF+stgPZH1UqBm1s8=
github.com/mattn/go-isatty v0.0.16/go.mod h1:kYGgaQfpe5nmfYZH+SKPsOc2e4SrIfOl2e/yFXSvRLM=
github.com/mattn/go-isatty v0.0.19/go.mod h1:W+V8PltTTMOvKvAeJH7IuucS94S2C6jfK/D7dTCTo3Y=
github.com/mattn/go-isatty v0.0.20 h1:xfD0iDuEKnDkl03q4limB+vH+GxLEtL/jb4xVJSWWEY=
github.com/mattn/go-isatty v0.0.20/go.mod h1:W+V8PltTTMOvKvAeJH7IuucS94S2C6jfK/D7dTCTo3Y=
github.com/pkg/errors v0.9.1/go.mod h1:bwawxfHBFNV+L2hUp1rHADufV3IMtnDRdf1r5NINEl0=
github.com/rs/xid v1.6.0/go.mod h1:7XoLgs4eV+QndskICGsho+ADou8ySMSjJKDIan90Nz0=
github.com/rs/zerolog v1.34.0 h1:k43nTLIwcTVQAncfCw4KZ2VY6ukYoZaBPNOE8txlOeY=
github.com/rs/zerolog v1.34.0/go.mod h1:bJsvje4Z08ROH4Nhs5iH600c3IkWhwp44iRc54W6wYQ=
github.com/spyder01/lilium-go v0.2.0 h1:8udrG9iiA9WmLu8tT/OIUxdK9SPDnWeqEYFUkpljsJ4=
github.com/spyder01/lilium-go v0.2.0/go.mod h1:TxporEuaIqMJIYZSFxc+24FeQLpssLAXLhO+hhljGyo=
github.com/spyder01/lilium-go v0.2.1 h1:Dl4mbwOF4Y87e0W0amWYiumwMLXi+IA8bo3JbjOtqPU=
github.com/spyder01/lilium-go v0.2.1/go.mod h1:TxporEuaIqMJIYZSFxc+24FeQLpssLAXLhO+hhljGyo=
github.com/spyder01/lilium-go v0.2.2 h1:oPy0El7N9BqDwwg4qnUkOaeK533vtS1qadn6/0S77AY=
github.com/spyder01/lilium-go v0.2.2/go.mod h1:TxporEuaIqMJIYZSFxc+24FeQLpssLAXLhO+hhljGyo=
github.com/spyder01/lilium-go v0.2.3 h1:SzV2Pn8ktgSFzI9lhYn8eSDuKW28Et9O48Q/qNJMYOE=
github.com/spyder01/lilium-go v0.2.3/go.mod h1:TxporEuaIqMJIYZSFxc+24FeQLpssLAXLhO+hhljGyo=
github.com/spyder01/lilium-go v0.2.4 h1:/tyl2bPAe6ZLnCzAkmtLFwX7qM0os/6RHERjuQUG2C0=
github.com/spyder01/lilium-go v0.2.4/go.mod h1:TxporEuaIqMJIYZSFxc+24FeQLpssLAXLhO+hhljGyo=
github.com/spyder01/lilium-go v0.2.5 h1:SjNArmnBZmFQ1WBx2l8RhNMkBoiqaY3frkhqmfBQfGY=
github.com/spyder01/lilium-go v0.2.5/go.mod h1:TxporEuaIqMJIYZSFxc+24FeQLpssLAXLhO+hhljGyo=
github.com/spyder01/lilium-go v0.2.6 h1:GKYEPgJ2CvJWYaazNNquviE9SmeUg8+EM0IVVriQYzo=
github.com/spyder01/lilium-go v0.2.6/go.mod h1:TxporEuaIqMJIYZSFxc+24FeQLpssLAXLhO+hhljGyo=
github.com/spyder01/lilium-go v0.2.7 h1:wmKMkY2SXl4/7Nq4GhpEygTJ+7OHdnr/cvw3f671Vzk=
github.com/spyder01/lilium-go v0.2.7/go.mod h1:TxporEuaIqMJIYZSFxc+24FeQLpssLAXLhO+hhljGyo=
github.com/spyder01/lilium-go v0.2.8 h1:CrIR3xUojU8R99cAYhtJ3NcLBDPJgHGfZkGaknvdSAs=
github.com/spyder01/lilium-go v0.2.8/go.mod h1:TxporEuaIqMJIYZSFxc+24FeQLpssLAXLhO+hhljGyo=
github.com/spyder01/lilium-go v0.2.9 h1:J9Q+Nmmks/JSrrECX69kSKKTYeAUK3OgXzrh32Jn7CQ=
github.com/spyder01/lilium-go v0.2.9/go.mod h1:TxporEuaIqMJIYZSFxc+24FeQLpssLAXLhO+hhljGyo=
github.com/spyder01/lilium-go v0.2.10 h1:JFvFz5JbgmKqhsEmkb4sPMc8yLfBz9yNIoQMCCK+FuY=
github.com/spyder01/lilium-go v0.2.10/go.mod h1:TxporEuaIqMJIYZSFxc+24FeQLpssLAXLhO+hhljGyo=
github.com/spyder01/lilium-go v0.2.11 h1:pvg/oZER9Ti+EZL8goyq+u78jW7K2kkhOrgBMWGq13U=
github.com/spyder01/lilium-go v0.2.11/go.mod h1:TxporEuaIqMJIYZSFxc+24FeQLpssLAXLhO+hhljGyo=
github.com/spyder01/lilium-go v0.5.0 h1:Xko1yneEv4Tf0G9aQjiMOpv63DSRmhLJW3AvsKrLQKk=
github.com/spyder01/lilium-go v0.5.0/go.mod h1:BxpuBt/eKgosN/OSKB17whdd0jb5UmMKENZNUpIEaqA=
github.com/spyder01/lilium-job-runner-module v0.0.1 h1:gNirOkUZCZC0sM0xnUItEebrIxgpdL2pEvPnzQZmSKA=
github.com/spyder01/lilium-job-runner-module v0.0.1/go.mod h1:CBGRGm6l4yBvgiOJrvbZwPYVMbgLU2QgDNulVYoZoHs=
golang.org/x/sys v0.0.0-20220811171246-fbc7d0a398ab/go.mod h1:oPkhp1MJrh7nUepCBck5+mAzfO9JrbApNNgaTdGDITg=
golang.org/x/sys v0.6.0/go.mod h1:oPkhp1MJrh7nUepCBck5+mAzfO9JrbApNNgaTdGDITg=
golang.org/x/sys v0.12.0/go.mod h1:oPkhp1MJrh7nUepCBck5+mAzfO9JrbApNNgaTdGDITg=
golang.org/x/sys v0.38.0 h1:3yZWxaJjBmCWXqhN1qh02AkOnCQ1poK6oF+a7xWL6Gc=
golang.org/x/sys v0.38.0/go.mod h1:OgkHotnGiDImocRcuBABYBEXf8A9a87e/uXjp9XT3ks=
gopkg.in/check.v1 v0.0.0-20161208181325-20d25e280405/go.mod h1:Co6ibVJAznAaIkqp8huTwlJQCZ016jof/cbN4VW5Yz0=
gopkg.in/yaml.v3 v3.0.1 h1:fxVm/GzAzEWqLHuvctI91KS9hhNmmWOoWu0XTYJS7CA=
gopkg.in/yaml.v3 v3.0.1/go.mod h1:K4uyk7z7BCEPqu6E+C64Yfv1cQ7kz7rIZviUmN+EgEM=
